
Microsoft Visual Studio Solution File, Format Version 12.00
# Visual Studio Version 17
VisualStudioVersion = 17.0.32002.185
MinimumVisualStudioVersion = 10.0.40219.1
Project("{FAE04EC0-301F-11D3-BF4B-00C04F79EFBC}") = "GifToTextureGUI", "GifToTextureGUI\GifToTextureGUI.csproj", "{9270C61F-8DA0-42B6-9058-78265CBC810A}"
EndProject
Global
	GlobalSection(SolutionConfigurationPlatforms) = preSolution
		Debug|Any CPU = Debug|Any CPU
		Release|Any CPU = Release|Any CPU
	EndGlobalSection
	GlobalSection(ProjectConfigurationPlatforms) = postSolution
		{9270C61F-8DA0-42B6-9058-78265CBC810A}.Debug|Any CPU.ActiveCfg = Debug|Any CPU
		{9270C61F-8DA0-42B6-9058-78265CBC810A}.Debug|Any CPU.Build.0 = Debug|Any CPU
		{9270C61F-8DA0-42B6-9058-78265CBC810A}.Release|Any CPU.ActiveCfg = Release|Any CPU
		{9270C61F-8DA0-42B6-9058-78265CBC810A}.Release|Any CPU.Build.0 = Release|Any CPU
	EndGlobalSection
	GlobalSection(SolutionProperties) = preSolution
		HideSolutionNode = FALSE
	EndGlobalSection
	GlobalSection(ExtensibilityGlobals) = postSolution
		SolutionGuid = {E1FE58F6-50E2-4467-BB13-51FB60244EE2}
	EndGlobalSection
EndGlobal
